# This file is autogenerated, do not edit; changes may be undone by the next 'dep ensure'.


[[projects]]
  name = "github.com/go-sql-driver/mysql"
  packages = ["."]
  revision = "17ef3dd9d98b69acec3e85878995ada9533a9370"
  version = "v1.5.0"

[[projects]]
  name = "github.com/mattn/go-sqlite3"
  packages = ["."]
  revision = "baaf8a978416040e7f2d00ac36e345098d0588d8"
  version = "v2.0.6"

[[projects]]
  name = "github.com/mutecomm/go-sqlcipher"
  packages = ["."]
  revision = "55dbde17881f711acb6da09a3eeca312ed16240a"
  version = "v3.4.2"

[[projects]]
  branch = "master"
  name = "golang.org/x/net"
  packages = ["context"]
  revision = "627f9648deb96c27737b83199d44bb5c1010cbcf"

[solve-meta]
  analyzer-name = "dep"
  analyzer-version = 1
  inputs-digest = "a729849a839ba80c799320b17d58b7fe4d53e495ff89e66ab82c34cf10be255a"
  solver-name = "gps-cdcl"
  solver-version = 1
